
Microsoft Visual Studio Solution File, Format Version 12.00
# Visual Studio Version 16
VisualStudioVersion = 16.0.31613.86
MinimumVisualStudioVersion = 10.0.40219.1
Project("{FAE04EC0-301F-11D3-BF4B-00C04F79EFBC}") = "TODOApp", "TODOApp\TODOApp.csproj", "{BE04D6CB-9757-46F5-80BB-D9E43E8317AE}"
EndProject
Project("{FAE04EC0-301F-11D3-BF4B-00C04F79EFBC}") = "TODOApp.Tests", "TODOApp.Tests\TODOApp.Tests.csproj", "{571DD066-1FF4-422A-BC95-7CE31C9AD902}"
EndProject
Global
	GlobalSection(SolutionConfigurationPlatforms) = preSolution
		Debug|Any CPU = Debug|Any CPU
		Release|Any CPU = Release|Any CPU
	EndGlobalSection
	GlobalSection(ProjectConfigurationPlatforms) = postSolution
		{BE04D6CB-9757-46F5-80BB-D9E43E8317AE}.Debug|Any CPU.ActiveCfg = Debug|Any CPU
		{BE04D6CB-9757-46F5-80BB-D9E43E8317AE}.Debug|Any CPU.Build.0 = Debug|Any CPU
		{BE04D6CB-9757-46F5-80BB-D9E43E8317AE}.Release|Any CPU.ActiveCfg = Release|Any CPU
		{BE04D6CB-9757-46F5-80BB-D9E43E8317AE}.Release|Any CPU.Build.0 = Release|Any CPU
		{571DD066-1FF4-422A-BC95-7CE31C9AD902}.Debug|Any CPU.ActiveCfg = Debug|Any CPU
		{571DD066-1FF4-422A-BC95-7CE31C9AD902}.Debug|Any CPU.Build.0 = Debug|Any CPU
		{571DD066-1FF4-422A-BC95-7CE31C9AD902}.Release|Any CPU.ActiveCfg = Release|Any CPU
		{571DD066-1FF4-422A-BC95-7CE31C9AD902}.Release|Any CPU.Build.0 = Release|Any CPU
	EndGlobalSection
	GlobalSection(SolutionProperties) = preSolution
		HideSolutionNode = FALSE
	EndGlobalSection
	GlobalSection(ExtensibilityGlobals) = postSolution
		SolutionGuid = {37EEA832-48C4-452D-9FF7-247E2F4B26FF}
	EndGlobalSection
EndGlobal
